
Microsoft Visual Studio Solution File, Format Version 12.00
# Visual Studio Version 16
VisualStudioVersion = 16.0.29409.12
MinimumVisualStudioVersion = 10.0.40219.1
Project("{FAE04EC0-301F-11D3-BF4B-00C04F79EFBC}") = "Sdl.Community.DeepLMTProvider.Telemetry", "Sdl.Community.DeepLMTProvider.Telemetry\Sdl.Community.DeepLMTProvider.Telemetry.csproj", "{AC53430B-C8DF-4045-BC49-EDAC167AAE1A}"
EndProject
Project("{FAE04EC0-301F-11D3-BF4B-00C04F79EFBC}") = "SDLTranslationMTProvider", "SDLTranslationMTProvider\SDLTranslationMTProvider.csproj", "{BE6B5E1C-45C5-4513-9B01-5C3F20B3DA28}"
EndProject
Project("{FAE04EC0-301F-11D3-BF4B-00C04F79EFBC}") = "SDLTranslationTMProvider", "SDLTranslationTMProvider\SDLTranslationTMProvider.csproj", "{2C845612-5668-40ED-963D-E04F9143870A}"
EndProject
Project("{FAE04EC0-301F-11D3-BF4B-00C04F79EFBC}") = "TmxMallPlugIn", "TmxMallPlugIn\TmxMallPlugIn.csproj", "{BAF68D1F-34C9-4717-9E34-DBFA7AFE27E5}"
EndProject
Global
	GlobalSection(SolutionConfigurationPlatforms) = preSolution
		Debug|Any CPU = Debug|Any CPU
		Release|Any CPU = Release|Any CPU
	EndGlobalSection
	GlobalSection(ProjectConfigurationPlatforms) = postSolution
		{AC53430B-C8DF-4045-BC49-EDAC167AAE1A}.Debug|Any CPU.ActiveCfg = Debug|Any CPU
		{AC53430B-C8DF-4045-BC49-EDAC167AAE1A}.Debug|Any CPU.Build.0 = Debug|Any CPU
		{AC53430B-C8DF-4045-BC49-EDAC167AAE1A}.Release|Any CPU.ActiveCfg = Release|Any CPU
		{AC53430B-C8DF-4045-BC49-EDAC167AAE1A}.Release|Any CPU.Build.0 = Release|Any CPU
		{BE6B5E1C-45C5-4513-9B01-5C3F20B3DA28}.Debug|Any CPU.ActiveCfg = Debug|Any CPU
		{BE6B5E1C-45C5-4513-9B01-5C3F20B3DA28}.Debug|Any CPU.Build.0 = Debug|Any CPU
		{BE6B5E1C-45C5-4513-9B01-5C3F20B3DA28}.Release|Any CPU.ActiveCfg = Release|Any CPU
		{BE6B5E1C-45C5-4513-9B01-5C3F20B3DA28}.Release|Any CPU.Build.0 = Release|Any CPU
		{2C845612-5668-40ED-963D-E04F9143870A}.Debug|Any CPU.ActiveCfg = Debug|Any CPU
		{2C845612-5668-40ED-963D-E04F9143870A}.Debug|Any CPU.Build.0 = Debug|Any CPU
		{2C845612-5668-40ED-963D-E04F9143870A}.Release|Any CPU.ActiveCfg = Release|Any CPU
		{2C845612-5668-40ED-963D-E04F9143870A}.Release|Any CPU.Build.0 = Release|Any CPU
		{BAF68D1F-34C9-4717-9E34-DBFA7AFE27E5}.Debug|Any CPU.ActiveCfg = Debug|Any CPU
		{BAF68D1F-34C9-4717-9E34-DBFA7AFE27E5}.Debug|Any CPU.Build.0 = Debug|Any CPU
		{BAF68D1F-34C9-4717-9E34-DBFA7AFE27E5}.Release|Any CPU.ActiveCfg = Release|Any CPU
		{BAF68D1F-34C9-4717-9E34-DBFA7AFE27E5}.Release|Any CPU.Build.0 = Release|Any CPU
	EndGlobalSection
	GlobalSection(SolutionProperties) = preSolution
		HideSolutionNode = FALSE
	EndGlobalSection
	GlobalSection(ExtensibilityGlobals) = postSolution
		SolutionGuid = {99A6568B-B148-434C-918B-ADBE8CDD12ED}
	EndGlobalSection
EndGlobal
